{
  "version": 4,
  "terraform_version": "1.5.4",
  "serial": 17,
  "lineage": "0ffe195d-b321-583a-1176-38e5c10e0495",
  "outputs": {},
  "resources": [
    {
      "mode": "data",
      "type": "google_artifact_registry_repository",
      "name": "my-repo",
      "provider": "provider[\"registry.terraform.io/hashicorp/google\"]",
      "instances": [
        {
          "schema_version": 0,
          "attributes": {
            "create_time": "2023-09-05T08:43:56.925259Z",
            "description": "Docker repository for creating services",
            "docker_config": [],
            "format": "DOCKER",
            "id": "projects/shaped-crawler-394907/locations/asia-southeast1/repositories/docker-repository",
            "kms_key_name": "",
            "labels": {},
            "location": "asia-southeast1",
            "maven_config": [],
            "mode": "REMOTE_REPOSITORY",
            "name": "docker-repository",
            "project": "shaped-crawler-394907",
            "remote_repository_config": [
              {
                "description": "Docker Hub",
                "docker_repository": [
                  {
                    "public_repository": "DOCKER_HUB"
                  }
                ],
                "maven_repository": [],
                "npm_repository": [],
                "python_repository": []
              }
            ],
            "repository_id": "docker-repository",
            "update_time": "2023-09-05T08:43:56.925259Z",
            "virtual_repository_config": []
          },
          "sensitive_attributes": []
        }
      ]
    },
    {
      "mode": "managed",
      "type": "google_artifact_registry_repository",
      "name": "docker-repo",
      "provider": "provider[\"registry.terraform.io/hashicorp/google\"]",
      "instances": [
        {
          "schema_version": 0,
          "attributes": {
            "create_time": "2023-09-05T08:43:56.925259Z",
            "description": "Docker repository for creating services",
            "docker_config": [],
            "format": "DOCKER",
            "id": "projects/shaped-crawler-394907/locations/asia-southeast1/repositories/docker-repository",
            "kms_key_name": "",
            "labels": null,
            "location": "asia-southeast1",
            "maven_config": [],
            "mode": "REMOTE_REPOSITORY",
            "name": "docker-repository",
            "project": "shaped-crawler-394907",
            "remote_repository_config": [
              {
                "description": "Docker Hub",
                "docker_repository": [
                  {
                    "public_repository": "DOCKER_HUB"
                  }
                ],
                "maven_repository": [],
                "npm_repository": [],
                "python_repository": []
              }
            ],
            "repository_id": "docker-repository",
            "timeouts": null,
            "update_time": "2023-09-05T08:43:56.925259Z",
            "virtual_repository_config": []
          },
          "sensitive_attributes": [],
          "private": "eyJlMmJmYjczMC1lY2FhLTExZTYtOGY4OC0zNDM2M2JjN2M0YzAiOnsiY3JlYXRlIjoxMjAwMDAwMDAwMDAwLCJkZWxldGUiOjEyMDAwMDAwMDAwMDAsInVwZGF0ZSI6MTIwMDAwMDAwMDAwMH19"
        }
      ]
    },
    {
      "mode": "managed",
      "type": "null_resource",
      "name": "docker-image-pull",
      "provider": "provider[\"registry.terraform.io/hashicorp/null\"]",
      "instances": [
        {
          "schema_version": 0,
          "attributes": {
            "id": "2088561646",
            "triggers": {
              "image": "wordpress:latest"
            }
          },
          "sensitive_attributes": []
        }
      ]
    }
  ],
  "check_results": null
}
